
Microsoft Visual Studio Solution File, Format Version 12.00
# Visual Studio Version 17
VisualStudioVersion = 17.13.35825.156 d17.13
MinimumVisualStudioVersion = 10.0.40219.1
Project("{FAE04EC0-301F-11D3-BF4B-00C04F79EFBC}") = "C# basics", "C# basics\C# basics.csproj", "{60DC7B1E-53F3-4C2F-8657-4E38FF4ADD15}"
EndProject
Global
	GlobalSection(SolutionConfigurationPlatforms) = preSolution
		Debug|Any CPU = Debug|Any CPU
		Release|Any CPU = Release|Any CPU
	EndGlobalSection
	GlobalSection(ProjectConfigurationPlatforms) = postSolution
		{60DC7B1E-53F3-4C2F-8657-4E38FF4ADD15}.Debug|Any CPU.ActiveCfg = Debug|Any CPU
		{60DC7B1E-53F3-4C2F-8657-4E38FF4ADD15}.Debug|Any CPU.Build.0 = Debug|Any CPU
		{60DC7B1E-53F3-4C2F-8657-4E38FF4ADD15}.Release|Any CPU.ActiveCfg = Release|Any CPU
		{60DC7B1E-53F3-4C2F-8657-4E38FF4ADD15}.Release|Any CPU.Build.0 = Release|Any CPU
	EndGlobalSection
	GlobalSection(SolutionProperties) = preSolution
		HideSolutionNode = FALSE
	EndGlobalSection
	GlobalSection(ExtensibilityGlobals) = postSolution
		SolutionGuid = {8CF61FD2-1149-4799-A34B-57D90DE8C41E}
	EndGlobalSection
EndGlobal
